
Microsoft Visual Studio Solution File, Format Version 12.00
# Visual Studio Version 17
VisualStudioVersion = 17.9.34902.65
MinimumVisualStudioVersion = 10.0.40219.1
Project("{FAE04EC0-301F-11D3-BF4B-00C04F79EFBC}") = "PlanScoreCard", "PlanScoreCard\PlanScoreCard.csproj", "{08D671CB-3A1D-4DFE-A561-6BCB5F6C3F69}"
EndProject
Project("{2150E333-8FDC-42A3-9474-1A3956D46DE8}") = "GitHubActions", "GitHubActions", "{031FB88B-3F02-4016-8840-4049EDE34FD0}"
	ProjectSection(SolutionItems) = preProject
		.github\workflows\release-MAAS-PlanScoreCard-v156.yml = .github\workflows\release-MAAS-PlanScoreCard-v156.yml
		.github\workflows\release-MAAS-PlanScoreCard-v161.yml = .github\workflows\release-MAAS-PlanScoreCard-v161.yml
		.github\workflows\release-MAAS-PlanScoreCard-v170.yml = .github\workflows\release-MAAS-PlanScoreCard-v170.yml
		.github\workflows\release-MAAS-PlanScoreCard-v180.yml = .github\workflows\release-MAAS-PlanScoreCard-v180.yml
		.github\workflows\Update-AssemblyInfo.ps1 = .github\workflows\Update-AssemblyInfo.ps1
		.github\workflows\Update-EsapiHintPaths.ps1 = .github\workflows\Update-EsapiHintPaths.ps1
	EndProjectSection
EndProject
Project("{FAE04EC0-301F-11D3-BF4B-00C04F79EFBC}") = "ScorecardVisualizer", "ScorecardVisualizer\ScorecardVisualizer.csproj", "{DCDC8DD2-32FD-4007-BB88-5879E58AC86F}"
EndProject
Global
	GlobalSection(SolutionConfigurationPlatforms) = preSolution
		Debug|Any CPU = Debug|Any CPU
		Debug|x64 = Debug|x64
		Release|Any CPU = Release|Any CPU
		Release|x64 = Release|x64
	EndGlobalSection
	GlobalSection(ProjectConfigurationPlatforms) = postSolution
		{08D671CB-3A1D-4DFE-A561-6BCB5F6C3F69}.Debug|Any CPU.ActiveCfg = Debug|Any CPU
		{08D671CB-3A1D-4DFE-A561-6BCB5F6C3F69}.Debug|Any CPU.Build.0 = Debug|Any CPU
		{08D671CB-3A1D-4DFE-A561-6BCB5F6C3F69}.Debug|x64.ActiveCfg = Debug|x64
		{08D671CB-3A1D-4DFE-A561-6BCB5F6C3F69}.Debug|x64.Build.0 = Debug|x64
		{08D671CB-3A1D-4DFE-A561-6BCB5F6C3F69}.Release|Any CPU.ActiveCfg = Release|Any CPU
		{08D671CB-3A1D-4DFE-A561-6BCB5F6C3F69}.Release|Any CPU.Build.0 = Release|Any CPU
		{08D671CB-3A1D-4DFE-A561-6BCB5F6C3F69}.Release|x64.ActiveCfg = Release|x64
		{08D671CB-3A1D-4DFE-A561-6BCB5F6C3F69}.Release|x64.Build.0 = Release|x64
		{DCDC8DD2-32FD-4007-BB88-5879E58AC86F}.Debug|Any CPU.ActiveCfg = Debug|Any CPU
		{DCDC8DD2-32FD-4007-BB88-5879E58AC86F}.Debug|Any CPU.Build.0 = Debug|Any CPU
		{DCDC8DD2-32FD-4007-BB88-5879E58AC86F}.Debug|x64.ActiveCfg = Debug|x64
		{DCDC8DD2-32FD-4007-BB88-5879E58AC86F}.Debug|x64.Build.0 = Debug|x64
		{DCDC8DD2-32FD-4007-BB88-5879E58AC86F}.Release|Any CPU.ActiveCfg = Release|Any CPU
		{DCDC8DD2-32FD-4007-BB88-5879E58AC86F}.Release|Any CPU.Build.0 = Release|Any CPU
		{DCDC8DD2-32FD-4007-BB88-5879E58AC86F}.Release|x64.ActiveCfg = Release|x64
		{DCDC8DD2-32FD-4007-BB88-5879E58AC86F}.Release|x64.Build.0 = Release|x64
	EndGlobalSection
	GlobalSection(SolutionProperties) = preSolution
		HideSolutionNode = FALSE
	EndGlobalSection
	GlobalSection(ExtensibilityGlobals) = postSolution
		SolutionGuid = {77640BBF-DAB3-4CF4-8E2E-07BCC97F50F8}
	EndGlobalSection
EndGlobal
