
Microsoft Visual Studio Solution File, Format Version 12.00
# Visual Studio Version 17
VisualStudioVersion = 17.0.31612.314
MinimumVisualStudioVersion = 10.0.40219.1
Project("{FAE04EC0-301F-11D3-BF4B-00C04F79EFBC}") = "PlanScoreCard", "PlanScoreCard\PlanScoreCard.csproj", "{08D671CB-3A1D-4DFE-A561-6BCB5F6C3F69}"
EndProject
Global
	GlobalSection(SolutionConfigurationPlatforms) = preSolution
		Debug|Any CPU = Debug|Any CPU
		Release|Any CPU = Release|Any CPU
	EndGlobalSection
	GlobalSection(ProjectConfigurationPlatforms) = postSolution
		{08D671CB-3A1D-4DFE-A561-6BCB5F6C3F69}.Debug|Any CPU.ActiveCfg = Debug|Any CPU
		{08D671CB-3A1D-4DFE-A561-6BCB5F6C3F69}.Debug|Any CPU.Build.0 = Debug|Any CPU
		{08D671CB-3A1D-4DFE-A561-6BCB5F6C3F69}.Release|Any CPU.ActiveCfg = Release|Any CPU
		{08D671CB-3A1D-4DFE-A561-6BCB5F6C3F69}.Release|Any CPU.Build.0 = Release|Any CPU
	EndGlobalSection
	GlobalSection(SolutionProperties) = preSolution
		HideSolutionNode = FALSE
	EndGlobalSection
	GlobalSection(ExtensibilityGlobals) = postSolution
		SolutionGuid = {77640BBF-DAB3-4CF4-8E2E-07BCC97F50F8}
	EndGlobalSection
EndGlobal
